
Microsoft Visual Studio Solution File, Format Version 12.00
# Visual Studio Version 16
VisualStudioVersion = 16.0.29411.108
MinimumVisualStudioVersion = 10.0.40219.1
Project("{9A19103F-16F7-4668-BE54-9A1E7A4F7556}") = "ChainOfResponsibility", "ChainOfResponsibility\ChainOfResponsibility.csproj", "{46355C52-289A-4106-B0A5-6F589EE36983}"
EndProject
Project("{FAE04EC0-301F-11D3-BF4B-00C04F79EFBC}") = "Command", "Command\Command.csproj", "{49820957-E32E-4D07-9056-262D1F908DBB}"
EndProject
Project("{FAE04EC0-301F-11D3-BF4B-00C04F79EFBC}") = "Iterator", "Iterator\Iterator.csproj", "{1F2074BC-A4DD-433F-BB2C-DAF64341EA36}"
EndProject
Project("{FAE04EC0-301F-11D3-BF4B-00C04F79EFBC}") = "Mediator", "Mediator\Mediator.csproj", "{D25DC820-4D9D-4784-8DF7-74AF750BAA2E}"
EndProject
Project("{FAE04EC0-301F-11D3-BF4B-00C04F79EFBC}") = "Memento", "Memento\Memento.csproj", "{991002F0-0BB5-49CE-AD8F-8F34E9679E0A}"
EndProject
Project("{FAE04EC0-301F-11D3-BF4B-00C04F79EFBC}") = "Observer", "Observer\Observer.csproj", "{9DB42A15-36A5-4D9F-A1B3-E3C7863F0C0B}"
EndProject
Project("{FAE04EC0-301F-11D3-BF4B-00C04F79EFBC}") = "Visitor", "Visitor\Visitor.csproj", "{071D4293-6BC8-4B41-A38A-C81B6E258A73}"
EndProject
Project("{FAE04EC0-301F-11D3-BF4B-00C04F79EFBC}") = "Strategy", "Strategy\Strategy.csproj", "{6ABB2D77-A074-453D-B270-7B6985684D21}"
EndProject
Project("{FAE04EC0-301F-11D3-BF4B-00C04F79EFBC}") = "State", "State\State.csproj", "{12BA8177-3844-4D44-A6CE-6D1C5BBDEA3E}"
EndProject
Project("{FAE04EC0-301F-11D3-BF4B-00C04F79EFBC}") = "Template Method", "Template Method\Template Method.csproj", "{F56049D5-7C45-42AB-97DA-69107F1FFACB}"
EndProject
Global
	GlobalSection(SolutionConfigurationPlatforms) = preSolution
		Debug|Any CPU = Debug|Any CPU
		Release|Any CPU = Release|Any CPU
	EndGlobalSection
	GlobalSection(ProjectConfigurationPlatforms) = postSolution
		{46355C52-289A-4106-B0A5-6F589EE36983}.Debug|Any CPU.ActiveCfg = Debug|Any CPU
		{46355C52-289A-4106-B0A5-6F589EE36983}.Debug|Any CPU.Build.0 = Debug|Any CPU
		{46355C52-289A-4106-B0A5-6F589EE36983}.Release|Any CPU.ActiveCfg = Release|Any CPU
		{46355C52-289A-4106-B0A5-6F589EE36983}.Release|Any CPU.Build.0 = Release|Any CPU
		{49820957-E32E-4D07-9056-262D1F908DBB}.Debug|Any CPU.ActiveCfg = Debug|Any CPU
		{49820957-E32E-4D07-9056-262D1F908DBB}.Debug|Any CPU.Build.0 = Debug|Any CPU
		{49820957-E32E-4D07-9056-262D1F908DBB}.Release|Any CPU.ActiveCfg = Release|Any CPU
		{49820957-E32E-4D07-9056-262D1F908DBB}.Release|Any CPU.Build.0 = Release|Any CPU
		{1F2074BC-A4DD-433F-BB2C-DAF64341EA36}.Debug|Any CPU.ActiveCfg = Debug|Any CPU
		{1F2074BC-A4DD-433F-BB2C-DAF64341EA36}.Debug|Any CPU.Build.0 = Debug|Any CPU
		{1F2074BC-A4DD-433F-BB2C-DAF64341EA36}.Release|Any CPU.ActiveCfg = Release|Any CPU
		{1F2074BC-A4DD-433F-BB2C-DAF64341EA36}.Release|Any CPU.Build.0 = Release|Any CPU
		{D25DC820-4D9D-4784-8DF7-74AF750BAA2E}.Debug|Any CPU.ActiveCfg = Debug|Any CPU
		{D25DC820-4D9D-4784-8DF7-74AF750BAA2E}.Debug|Any CPU.Build.0 = Debug|Any CPU
		{D25DC820-4D9D-4784-8DF7-74AF750BAA2E}.Release|Any CPU.ActiveCfg = Release|Any CPU
		{D25DC820-4D9D-4784-8DF7-74AF750BAA2E}.Release|Any CPU.Build.0 = Release|Any CPU
		{991002F0-0BB5-49CE-AD8F-8F34E9679E0A}.Debug|Any CPU.ActiveCfg = Debug|Any CPU
		{991002F0-0BB5-49CE-AD8F-8F34E9679E0A}.Debug|Any CPU.Build.0 = Debug|Any CPU
		{991002F0-0BB5-49CE-AD8F-8F34E9679E0A}.Release|Any CPU.ActiveCfg = Release|Any CPU
		{991002F0-0BB5-49CE-AD8F-8F34E9679E0A}.Release|Any CPU.Build.0 = Release|Any CPU
		{9DB42A15-36A5-4D9F-A1B3-E3C7863F0C0B}.Debug|Any CPU.ActiveCfg = Debug|Any CPU
		{9DB42A15-36A5-4D9F-A1B3-E3C7863F0C0B}.Debug|Any CPU.Build.0 = Debug|Any CPU
		{9DB42A15-36A5-4D9F-A1B3-E3C7863F0C0B}.Release|Any CPU.ActiveCfg = Release|Any CPU
		{9DB42A15-36A5-4D9F-A1B3-E3C7863F0C0B}.Release|Any CPU.Build.0 = Release|Any CPU
		{071D4293-6BC8-4B41-A38A-C81B6E258A73}.Debug|Any CPU.ActiveCfg = Debug|Any CPU
		{071D4293-6BC8-4B41-A38A-C81B6E258A73}.Debug|Any CPU.Build.0 = Debug|Any CPU
		{071D4293-6BC8-4B41-A38A-C81B6E258A73}.Release|Any CPU.ActiveCfg = Release|Any CPU
		{071D4293-6BC8-4B41-A38A-C81B6E258A73}.Release|Any CPU.Build.0 = Release|Any CPU
		{6ABB2D77-A074-453D-B270-7B6985684D21}.Debug|Any CPU.ActiveCfg = Debug|Any CPU
		{6ABB2D77-A074-453D-B270-7B6985684D21}.Debug|Any CPU.Build.0 = Debug|Any CPU
		{6ABB2D77-A074-453D-B270-7B6985684D21}.Release|Any CPU.ActiveCfg = Release|Any CPU
		{6ABB2D77-A074-453D-B270-7B6985684D21}.Release|Any CPU.Build.0 = Release|Any CPU
		{12BA8177-3844-4D44-A6CE-6D1C5BBDEA3E}.Debug|Any CPU.ActiveCfg = Debug|Any CPU
		{12BA8177-3844-4D44-A6CE-6D1C5BBDEA3E}.Debug|Any CPU.Build.0 = Debug|Any CPU
		{12BA8177-3844-4D44-A6CE-6D1C5BBDEA3E}.Release|Any CPU.ActiveCfg = Release|Any CPU
		{12BA8177-3844-4D44-A6CE-6D1C5BBDEA3E}.Release|Any CPU.Build.0 = Release|Any CPU
		{F56049D5-7C45-42AB-97DA-69107F1FFACB}.Debug|Any CPU.ActiveCfg = Debug|Any CPU
		{F56049D5-7C45-42AB-97DA-69107F1FFACB}.Debug|Any CPU.Build.0 = Debug|Any CPU
		{F56049D5-7C45-42AB-97DA-69107F1FFACB}.Release|Any CPU.ActiveCfg = Release|Any CPU
		{F56049D5-7C45-42AB-97DA-69107F1FFACB}.Release|Any CPU.Build.0 = Release|Any CPU
	EndGlobalSection
	GlobalSection(SolutionProperties) = preSolution
		HideSolutionNode = FALSE
	EndGlobalSection
	GlobalSection(ExtensibilityGlobals) = postSolution
		SolutionGuid = {F330ADB7-6236-4A8F-A966-FDFB6C7C5706}
	EndGlobalSection
EndGlobal
